// !$*UTF8*$!
{
	archiveVersion = 1;
	classes = {
	};
	objectVersion = 46;
	objects = {

/* Begin PBXBuildFile section */
		910E70DB1CB2270B005592E9 /* AppDelegate.swift in Sources */ = {isa = PBXBuildFile; fileRef = 910E70DA1CB2270B005592E9 /* AppDelegate.swift */; };
		910E70DD1CB2270B005592E9 /* ViewController.swift in Sources */ = {isa = PBXBuildFile; fileRef = 910E70DC1CB2270B005592E9 /* ViewController.swift */; };
		910E70E01CB2270B005592E9 /* Main.storyboard in Resources */ = {isa = PBXBuildFile; fileRef = 910E70DE1CB2270B005592E9 /* Main.storyboard */; };
		910E70E21CB2270B005592E9 /* Assets.xcassets in Resources */ = {isa = PBXBuildFile; fileRef = 910E70E11CB2270B005592E9 /* Assets.xcassets */; };
		910E70E51CB2270B005592E9 /* LaunchScreen.storyboard in Resources */ = {isa = PBXBuildFile; fileRef = 910E70E31CB2270B005592E9 /* LaunchScreen.storyboard */; };
		910E70ED1CB22732005592E9 /* FPActivityLoader.swift in Sources */ = {isa = PBXBuildFile; fileRef = 910E70EC1CB22732005592E9 /* FPActivityLoader.swift */; };
/* End PBXBuildFile section */

/* Begin PBXFileReference section */
		910E70D71CB2270A005592E9 /* FPActivityLoader.app */ = {isa = PBXFileReference; explicitFileType = wrapper.application; includeInIndex = 0; path = FPActivityLoader.app; sourceTree = BUILT_PRODUCTS_DIR; };
		910E70DA1CB2270B005592E9 /* AppDelegate.swift */ = {isa = PBXFileReference; lastKnownFileType = sourcecode.swift; path = AppDelegate.swift; sourceTree = "<group>"; };
		910E70DC1CB2270B005592E9 /* ViewController.swift */ = {isa = PBXFileReference; lastKnownFileType = sourcecode.swift; path = ViewController.swift; sourceTree = "<group>"; };
		910E70DF1CB2270B005592E9 /* Base */ = {isa = PBXFileReference; lastKnownFileType = file.storyboard; name = Base; path = Base.lproj/Main.storyboard; sourceTree = "<group>"; };
		910E70E11CB2270B005592E9 /* Assets.xcassets */ = {isa = PBXFileReference; lastKnownFileType = folder.assetcatalog; path = Assets.xcassets; sourceTree = "<group>"; };
		910E70E41CB2270B005592E9 /* Base */ = {isa = PBXFileReference; lastKnownFileType = file.storyboard; name = Base; path = Base.lproj/LaunchScreen.storyboard; sourceTree = "<group>"; };
		910E70E61CB2270B005592E9 /* Info.plist */ = {isa = PBXFileReference; lastKnownFileType = text.plist.xml; path = Info.plist; sourceTree = "<group>"; };
		910E70EC1CB22732005592E9 /* FPActivityLoader.swift */ = {isa = PBXFileReference; fileEncoding = 4; lastKnownFileType = sourcecode.swift; path = FPActivityLoader.swift; sourceTree = "<group>"; };
/* End PBXFileReference section */

/* Begin PBXFrameworksBuildPhase section */
		910E70D41CB2270A005592E9 /* Frameworks */ = {
			isa = PBXFrameworksBuildPhase;
			buildActionMask = 2147483647;
			files = (
			);
			runOnlyForDeploymentPostprocessing = 0;
		};
/* End PBXFrameworksBuildPhase section */

/* Begin PBXGroup section */
		910E70CE1CB2270A005592E9 = {
			isa = PBXGroup;
			children = (
				910E70D91CB2270B005592E9 /* FPActivityLoader */,
				910E70D81CB2270A005592E9 /* Products */,
			);
			sourceTree = "<group>";
		};
		910E70D81CB2270A005592E9 /* Products */ = {
			isa = PBXGroup;
			children = (
				910E70D71CB2270A005592E9 /* FPActivityLoader.app */,
			);
			name = Products;
			sourceTree = "<group>";
		};
		910E70D91CB2270B005592E9 /* FPActivityLoader */ = {
			isa = PBXGroup;
			children = (
				910E70DA1CB2270B005592E9 /* AppDelegate.swift */,
				910E70DC1CB2270B005592E9 /* ViewController.swift */,
				910E70DE1CB2270B005592E9 /* Main.storyboard */,
				910E70E11CB2270B005592E9 /* Assets.xcassets */,
				910E70E31CB2270B005592E9 /* LaunchScreen.storyboard */,
				910E70E61CB2270B005592E9 /* Info.plist */,
				910E70EC1CB22732005592E9 /* FPActivityLoader.swift */,
			);
			path = FPActivityLoader;
			sourceTree = "<group>";
		};
/* End PBXGroup section */

/* Begin PBXNativeTarget section */
		910E70D61CB2270A005592E9 /* FPActivityLoader */ = {
			isa = PBXNativeTarget;
			buildConfigurationList = 910E70E91CB2270B005592E9 /* Build configuration list for PBXNativeTarget "FPActivityLoader" */;
			buildPhases = (
				910E70D31CB2270A005592E9 /* Sources */,
				910E70D41CB2270A005592E9 /* Frameworks */,
				910E70D51CB2270A005592E9 /* Resources */,
			);
			buildRules = (
			);
			dependencies = (
			);
			name = FPActivityLoader;
			productName = FPActivityLoader;
			productReference = 910E70D71CB2270A005592E9 /* FPActivityLoader.app */;
			productType = "com.apple.product-type.application";
		};
/* End PBXNativeTarget section */

/* Begin PBXProject section */
		910E70CF1CB2270A005592E9 /* Project object */ = {
			isa = PBXProject;
			attributes = {
				LastSwiftUpdateCheck = 0730;
				LastUpgradeCheck = 0730;
				ORGANIZATIONNAME = "Francesco Puntillo";
				TargetAttributes = {
					910E70D61CB2270A005592E9 = {
						CreatedOnToolsVersion = 7.3;
					};
				};
			};
			buildConfigurationList = 910E70D21CB2270A005592E9 /* Build configuration list for PBXProject "FPActivityLoader" */;
			compatibilityVersion = "Xcode 3.2";
			developmentRegion = English;
			hasScannedForEncodings = 0;
			knownRegions = (
				en,
				Base,
			);
			mainGroup = 910E70CE1CB2270A005592E9;
			productRefGroup = 910E70D81CB2270A005592E9 /* Products */;
			projectDirPath = "";
			projectRoot = "";
			targets = (
				910E70D61CB2270A005592E9 /* FPActivityLoader */,
			);
		};
/* End PBXProject section */

/* Begin PBXResourcesBuildPhase section */
		910E70D51CB2270A005592E9 /* Resources */ = {
			isa = PBXResourcesBuildPhase;
			buildActionMask = 2147483647;
			files = (
				910E70E51CB2270B005592E9 /* LaunchScreen.storyboard in Resources */,
				910E70E21CB2270B005592E9 /* Assets.xcassets in Resources */,
				910E70E01CB2270B005592E9 /* Main.storyboard in Resources */,
			);
			runOnlyForDeploymentPostprocessing = 0;
		};
/* End PBXResourcesBuildPhase section */

/* Begin PBXSourcesBuildPhase section */
		910E70D31CB2270A005592E9 /* Sources */ = {
			isa = PBXSourcesBuildPhase;
			buildActionMask = 2147483647;
			files = (
				910E70DD1CB2270B005592E9 /* ViewController.swift in Sources */,
				910E70ED1CB22732005592E9 /* FPActivityLoader.swift in Sources */,
				910E70DB1CB2270B005592E9 /* AppDelegate.swift in Sources */,
			);
			runOnlyForDeploymentPostprocessing = 0;
		};
/* End PBXSourcesBuildPhase section */

/* Begin PBXVariantGroup section */
		910E70DE1CB2270B005592E9 /* Main.storyboard */ = {
			isa = PBXVariantGroup;
			children = (
				910E70DF1CB2270B005592E9 /* Base */,
			);
			name = Main.storyboard;
			sourceTree = "<group>";
		};
		910E70E31CB2270B005592E9 /* LaunchScreen.storyboard */ = {
			isa = PBXVariantGroup;
			children = (
				910E70E41CB2270B005592E9 /* Base */,
			);
			name = LaunchScreen.storyboard;
			sourceTree = "<group>";
		};
/* End PBXVariantGroup section */

/* Begin XCBuildConfiguration section */
		910E70E71CB2270B005592E9 /* Debug */ = {
			isa = XCBuildConfiguration;
			buildSettings = {
				ALWAYS_SEARCH_USER_PATHS = NO;
				CLANG_ANALYZER_NONNULL = YES;
				CLANG_CXX_LANGUAGE_STANDARD = "gnu++0x";
				CLANG_CXX_LIBRARY = "libc++";
				CLANG_ENABLE_MODULES = YES;
				CLANG_ENABLE_OBJC_ARC = YES;
				CLANG_WARN_BOOL_CONVERSION = YES;
				CLANG_WARN_CONSTANT_CONVERSION = YES;
				CLANG_WARN_DIRECT_OBJC_ISA_USAGE = YES_ERROR;
				CLANG_WARN_EMPTY_BODY = YES;
				CLANG_WARN_ENUM_CONVERSION = YES;
				CLANG_WARN_INT_CONVERSION = YES;
				CLANG_WARN_OBJC_ROOT_CLASS = YES_ERROR;
				CLANG_WARN_UNREACHABLE_CODE = YES;
				CLANG_WARN__DUPLICATE_METHOD_MATCH = YES;
				"CODE_SIGN_IDENTITY[sdk=iphoneos*]" = "iPhone Developer";
				COPY_PHASE_STRIP = NO;
				DEBUG_INFORMATION_FORMAT = dwarf;
				ENABLE_STRICT_OBJC_MSGSEND = YES;
				ENABLE_TESTABILITY = YES;
				GCC_C_LANGUAGE_STANDARD = gnu99;
				GCC_DYNAMIC_NO_PIC = NO;
				GCC_NO_COMMON_BLOCKS = YES;
				GCC_OPTIMIZATION_LEVEL = 0;
				GCC_PREPROCESSOR_DEFINITIONS = (
					"DEBUG=1",
					"$(inherited)",
				);
				GCC_WARN_64_TO_32_BIT_CONVERSION = YES;
				GCC_WARN_ABOUT_RETURN_TYPE = YES_ERROR;
				GCC_WARN_UNDECLARED_SELECTOR = YES;
				GCC_WARN_UNINITIALIZED_AUTOS = YES_AGGRESSIVE;
				GCC_WARN_UNUSED_FUNCTION = YES;
				GCC_WARN_UNUSED_VARIABLE = YES;
				IPHONEOS_DEPLOYMENT_TARGET = 9.3;
				MTL_ENABLE_DEBUG_INFO = YES;
				ONLY_ACTIVE_ARCH = YES;
				SDKROOT = iphoneos;
				SWIFT_OPTIMIZATION_LEVEL = "-Onone";
			};
			name = Debug;
		};
		910E70E81CB2270B005592E9 /* Release */ = {
			isa = XCBuildConfiguration;
			buildSettings = {
				ALWAYS_SEARCH_USER_PATHS = NO;
				CLANG_ANALYZER_NONNULL = YES;
				CLANG_CXX_LANGUAGE_STANDARD = "gnu++0x";
				CLANG_CXX_LIBRARY = "libc++";
				CLANG_ENABLE_MODULES = YES;
				CLANG_ENABLE_OBJC_ARC = YES;
				CLANG_WARN_BOOL_CONVERSION = YES;
				CLANG_WARN_CONSTANT_CONVERSION = YES;
				CLANG_WARN_DIRECT_OBJC_ISA_USAGE = YES_ERROR;
				CLANG_WARN_EMPTY_BODY = YES;
				CLANG_WARN_ENUM_CONVERSION = YES;
				CLANG_WARN_INT_CONVERSION = YES;
				CLANG_WARN_OBJC_ROOT_CLASS = YES_ERROR;
				CLANG_WARN_UNREACHABLE_CODE = YES;
				CLANG_WARN__DUPLICATE_METHOD_MATCH = YES;
				"CODE_SIGN_IDENTITY[sdk=iphoneos*]" = "iPhone Developer";
				COPY_PHASE_STRIP = NO;
				DEBUG_INFORMATION_FORMAT = "dwarf-with-dsym";
				ENABLE_NS_ASSERTIONS = NO;
				ENABLE_STRICT_OBJC_MSGSEND = YES;
				GCC_C_LANGUAGE_STANDARD = gnu99;
				GCC_NO_COMMON_BLOCKS = YES;
				GCC_WARN_64_TO_32_BIT_CONVERSION = YES;
				GCC_WARN_ABOUT_RETURN_TYPE = YES_ERROR;
				GCC_WARN_UNDECLARED_SELECTOR = YES;
				GCC_WARN_UNINITIALIZED_AUTOS = YES_AGGRESSIVE;
				GCC_WARN_UNUSED_FUNCTION = YES;
				GCC_WARN_UNUSED_VARIABLE = YES;
				IPHONEOS_DEPLOYMENT_TARGET = 9.3;
				MTL_ENABLE_DEBUG_INFO = NO;
				SDKROOT = iphoneos;
				VALIDATE_PRODUCT = YES;
			};
			name = Release;
		};
		910E70EA1CB2270B005592E9 /* Debug */ = {
			isa = XCBuildConfiguration;
			buildSettings = {
				ASSETCATALOG_COMPILER_APPICON_NAME = AppIcon;
				INFOPLIST_FILE = FPActivityLoader/Info.plist;
				LD_RUNPATH_SEARCH_PATHS = "$(inherited) @executable_path/Frameworks";
				PRODUCT_BUNDLE_IDENTIFIER = com.fp.FPActivityLoader;
				PRODUCT_NAME = "$(TARGET_NAME)";
			};
			name = Debug;
		};
		910E70EB1CB2270B005592E9 /* Release */ = {
			isa = XCBuildConfiguration;
			buildSettings = {
				ASSETCATALOG_COMPILER_APPICON_NAME = AppIcon;
				INFOPLIST_FILE = FPActivityLoader/Info.plist;
				LD_RUNPATH_SEARCH_PATHS = "$(inherited) @executable_path/Frameworks";
				PRODUCT_BUNDLE_IDENTIFIER = com.fp.FPActivityLoader;
				PRODUCT_NAME = "$(TARGET_NAME)";
			};
			name = Release;
		};
/* End XCBuildConfiguration section */

/* Begin XCConfigurationList section */
		910E70D21CB2270A005592E9 /* Build configuration list for PBXProject "FPActivityLoader" */ = {
			isa = XCConfigurationList;
			buildConfigurations = (
				910E70E71CB2270B005592E9 /* Debug */,
				910E70E81CB2270B005592E9 /* Release */,
			);
			defaultConfigurationIsVisible = 0;
			defaultConfigurationName = Release;
		};
		910E70E91CB2270B005592E9 /* Build configuration list for PBXNativeTarget "FPActivityLoader" */ = {
			isa = XCConfigurationList;
			buildConfigurations = (
				910E70EA1CB2270B005592E9 /* Debug */,
				910E70EB1CB2270B005592E9 /* Release */,
			);
			defaultConfigurationIsVisible = 0;
		};
/* End XCConfigurationList section */
	};
	rootObject = 910E70CF1CB2270A005592E9 /* Project object */;
}
